
Microsoft Visual Studio Solution File, Format Version 12.00
# Visual Studio Version 17
VisualStudioVersion = 17.7.34009.444
MinimumVisualStudioVersion = 10.0.40219.1
Project("{FAE04EC0-301F-11D3-BF4B-00C04F79EFBC}") = "InheritanceDemo", "InheritanceDemo\InheritanceDemo.csproj", "{93BFC932-746B-4B16-9F82-E0BE7DDC0443}"
EndProject
Project("{FAE04EC0-301F-11D3-BF4B-00C04F79EFBC}") = "AbstractClassDemo", "AbstractClassDemo\AbstractClassDemo.csproj", "{8A63CAA9-7C4D-4127-92C4-59038B19CECF}"
EndProject
Global
	GlobalSection(SolutionConfigurationPlatforms) = preSolution
		Debug|Any CPU = Debug|Any CPU
		Release|Any CPU = Release|Any CPU
	EndGlobalSection
	GlobalSection(ProjectConfigurationPlatforms) = postSolution
		{93BFC932-746B-4B16-9F82-E0BE7DDC0443}.Debug|Any CPU.ActiveCfg = Debug|Any CPU
		{93BFC932-746B-4B16-9F82-E0BE7DDC0443}.Debug|Any CPU.Build.0 = Debug|Any CPU
		{93BFC932-746B-4B16-9F82-E0BE7DDC0443}.Release|Any CPU.ActiveCfg = Release|Any CPU
		{93BFC932-746B-4B16-9F82-E0BE7DDC0443}.Release|Any CPU.Build.0 = Release|Any CPU
		{8A63CAA9-7C4D-4127-92C4-59038B19CECF}.Debug|Any CPU.ActiveCfg = Debug|Any CPU
		{8A63CAA9-7C4D-4127-92C4-59038B19CECF}.Debug|Any CPU.Build.0 = Debug|Any CPU
		{8A63CAA9-7C4D-4127-92C4-59038B19CECF}.Release|Any CPU.ActiveCfg = Release|Any CPU
		{8A63CAA9-7C4D-4127-92C4-59038B19CECF}.Release|Any CPU.Build.0 = Release|Any CPU
	EndGlobalSection
	GlobalSection(SolutionProperties) = preSolution
		HideSolutionNode = FALSE
	EndGlobalSection
	GlobalSection(ExtensibilityGlobals) = postSolution
		SolutionGuid = {B4CF50F8-1ECC-4ED1-9D0E-4C1CBD25341D}
	EndGlobalSection
EndGlobal
